
Microsoft Visual Studio Solution File, Format Version 12.00
# Visual Studio Version 16
VisualStudioVersion = 16.0.31402.337
MinimumVisualStudioVersion = 10.0.40219.1
Project("{FAE04EC0-301F-11D3-BF4B-00C04F79EFBC}") = "BlogApi", "BlogApi\BlogApi.csproj", "{89216C24-6D3F-4D89-ACCC-862B926A0904}"
EndProject
Project("{FAE04EC0-301F-11D3-BF4B-00C04F79EFBC}") = "Blog.DAL", "Blog.DAL\Blog.DAL.csproj", "{C8714529-5E1B-4B1F-9E56-CB455136732A}"
EndProject
Project("{FAE04EC0-301F-11D3-BF4B-00C04F79EFBC}") = "Blog.Domain", "Blog.Domain\Blog.Domain.csproj", "{F7C50423-4685-4E83-A308-F7DEBB141F66}"
EndProject
Global
	GlobalSection(SolutionConfigurationPlatforms) = preSolution
		Debug|Any CPU = Debug|Any CPU
		Release|Any CPU = Release|Any CPU
	EndGlobalSection
	GlobalSection(ProjectConfigurationPlatforms) = postSolution
		{89216C24-6D3F-4D89-ACCC-862B926A0904}.Debug|Any CPU.ActiveCfg = Debug|Any CPU
		{89216C24-6D3F-4D89-ACCC-862B926A0904}.Debug|Any CPU.Build.0 = Debug|Any CPU
		{89216C24-6D3F-4D89-ACCC-862B926A0904}.Release|Any CPU.ActiveCfg = Release|Any CPU
		{89216C24-6D3F-4D89-ACCC-862B926A0904}.Release|Any CPU.Build.0 = Release|Any CPU
		{C8714529-5E1B-4B1F-9E56-CB455136732A}.Debug|Any CPU.ActiveCfg = Debug|Any CPU
		{C8714529-5E1B-4B1F-9E56-CB455136732A}.Debug|Any CPU.Build.0 = Debug|Any CPU
		{C8714529-5E1B-4B1F-9E56-CB455136732A}.Release|Any CPU.ActiveCfg = Release|Any CPU
		{C8714529-5E1B-4B1F-9E56-CB455136732A}.Release|Any CPU.Build.0 = Release|Any CPU
		{F7C50423-4685-4E83-A308-F7DEBB141F66}.Debug|Any CPU.ActiveCfg = Debug|Any CPU
		{F7C50423-4685-4E83-A308-F7DEBB141F66}.Debug|Any CPU.Build.0 = Debug|Any CPU
		{F7C50423-4685-4E83-A308-F7DEBB141F66}.Release|Any CPU.ActiveCfg = Release|Any CPU
		{F7C50423-4685-4E83-A308-F7DEBB141F66}.Release|Any CPU.Build.0 = Release|Any CPU
	EndGlobalSection
	GlobalSection(SolutionProperties) = preSolution
		HideSolutionNode = FALSE
	EndGlobalSection
	GlobalSection(ExtensibilityGlobals) = postSolution
		SolutionGuid = {081D30CF-43A8-4F0C-A55B-894C445F71CC}
	EndGlobalSection
EndGlobal
